{
  "name": "javascript2025",
  "version": "1.0.0",
  "lockfileVersion": 3,
  "requires": true,
  "packages": {
    "": {
      "name": "javascript2025",
      "version": "1.0.0",
      "license": "ISC",
      "dependencies": {
        "number-to-cyrillic": "^2.7.0"
      }
    },
    "node_modules/number-to-cyrillic": {
      "version": "2.7.0",
      "resolved": "https://registry.npmjs.org/number-to-cyrillic/-/number-to-cyrillic-2.7.0.tgz",
      "integrity": "sha512-/rkJLwtHMEZ8Y/87cFA3gZG+0x97gWSe4osy7z6jFfdhsP0YNXrbsKLBKcFzEFtsa4FXDAiuyLj/PMNyNJHtng==",
      "license": "MIT"
    }
  }
}
